<?xml version="1.0" encoding="utf-8"?>
<Project ToolsVersion="4.0" xmlns="http://schemas.microsoft.com/developer/msbuild/2003">
  <ItemGroup>
    <ClCompile Include="Application.cpp" />
    <ClCompile Include="Demo.cpp" />
    <ClCompile Include="Engine.cpp" />
    <ClCompile Include="Input.cpp" />
    <ClCompile Include="Physics.cpp" />
    <ClCompile Include="PlatformWindow.cpp" />
    <ClCompile Include="Window.cpp" />
    <ClCompile Include="Component\Component.cpp">
      <Filter>Component</Filter>
    </ClCompile>
    <ClCompile Include="Component\Sprite.cpp">
      <Filter>Component</Filter>
    </ClCompile>
    <ClCompile Include="Graphics\Camera.cpp">
      <Filter>Graphics</Filter>
    </ClCompile>
    <ClCompile Include="Graphics\CameraView.cpp">
      <Filter>Graphics</Filter>
    </ClCompile>
    <ClCompile Include="Graphics\Colors.cpp">
      <Filter>Graphics</Filter>
    </ClCompile>
    <ClCompile Include="Graphics\GL.cpp">
      <Filter>Graphics</Filter>
    </ClCompile>
    <ClCompile Include="Graphics\glCheck.cpp">
      <Filter>Graphics</Filter>
    </ClCompile>
    <ClCompile Include="Graphics\Image.cpp">
      <Filter>Graphics</Filter>
    </ClCompile>
    <ClCompile Include="Graphics\Mesh.cpp">
      <Filter>Graphics</Filter>
    </ClCompile>
    <ClCompile Include="Object\Object.cpp">
      <Filter>Object</Filter>
    </ClCompile>
    <ClCompile Include="Object\ObjectManager.cpp">
      <Filter>Object</Filter>
    </ClCompile>
    <ClCompile Include="Object\Transform.cpp">
      <Filter>Object</Filter>
    </ClCompile>
    <ClCompile Include="States\StateManager.cpp">
      <Filter>States</Filter>
    </ClCompile>
    <ClCompile Include="States\TestLevel.cpp">
      <Filter>States</Filter>
    </ClCompile>
    <ClCompile Include="Graphics\Shader.cpp">
      <Filter>Graphics</Filter>
    </ClCompile>
    <ClCompile Include="Graphics\Texture.cpp">
      <Filter>Graphics</Filter>
    </ClCompile>
    <ClCompile Include="Graphics\VertexLayoutDescription.cpp">
      <Filter>Graphics</Filter>
    </ClCompile>
    <ClCompile Include="Graphics\Vertices.cpp">
      <Filter>Graphics</Filter>
    </ClCompile>
    <ClCompile Include="Graphics\ImGui\imgui.cpp">
      <Filter>Graphics\ImGui</Filter>
    </ClCompile>
    <ClCompile Include="Graphics\ImGui\imgui_demo.cpp">
      <Filter>Graphics\ImGui</Filter>
    </ClCompile>
    <ClCompile Include="Graphics\ImGui\imgui_draw.cpp">
      <Filter>Graphics\ImGui</Filter>
    </ClCompile>
    <ClCompile Include="Graphics\ImGui\imgui_widgets.cpp">
      <Filter>Graphics\ImGui</Filter>
    </ClCompile>
    <ClCompile Include="Graphics\ImGui\imgui_impl_opengl3.cpp">
      <Filter>Graphics\ImGui</Filter>
    </ClCompile>
    <ClCompile Include="Graphics\ImGui\main.cpp">
      <Filter>Graphics\ImGui</Filter>
    </ClCompile>
    <ClCompile Include="Graphics\ImGui\imgui_impl_glfw.cpp">
      <Filter>Graphics\ImGui</Filter>
    </ClCompile>
    <ClCompile Include="Graphics\CameraManager.cpp">
      <Filter>Graphics</Filter>
    </ClCompile>
  </ItemGroup>
  <ItemGroup>
    <ClInclude Include="Application.hpp" />
    <ClInclude Include="Demo.hpp" />
    <ClInclude Include="Engine.hpp" />
    <ClInclude Include="Input.hpp" />
    <ClInclude Include="Physics.hpp" />
    <ClInclude Include="PlatformWindow.hpp" />
    <ClInclude Include="Timer.hpp" />
    <ClInclude Include="Window.hpp" />
    <ClInclude Include="Component\Component.hpp">
      <Filter>Component</Filter>
    </ClInclude>
    <ClInclude Include="Component\Sprite.hpp">
      <Filter>Component</Filter>
    </ClInclude>
    <ClInclude Include="Graphics\Camera.hpp">
      <Filter>Graphics</Filter>
    </ClInclude>
    <ClInclude Include="Graphics\CameraView.hpp">
      <Filter>Graphics</Filter>
    </ClInclude>
    <ClInclude Include="Graphics\Color4f.hpp">
      <Filter>Graphics</Filter>
    </ClInclude>
    <ClInclude Include="Graphics\Color4ub.hpp">
      <Filter>Graphics</Filter>
    </ClInclude>
    <ClInclude Include="Graphics\GL.hpp">
      <Filter>Graphics</Filter>
    </ClInclude>
    <ClInclude Include="Graphics\glCheck.hpp">
      <Filter>Graphics</Filter>
    </ClInclude>
    <ClInclude Include="Graphics\Image.hpp">
      <Filter>Graphics</Filter>
    </ClInclude>
    <ClInclude Include="Graphics\Material.hpp">
      <Filter>Graphics</Filter>
    </ClInclude>
    <ClInclude Include="Graphics\Mesh.hpp">
      <Filter>Graphics</Filter>
    </ClInclude>
    <ClInclude Include="Object\Object.hpp">
      <Filter>Object</Filter>
    </ClInclude>
    <ClInclude Include="Object\ObjectManager.hpp">
      <Filter>Object</Filter>
    </ClInclude>
    <ClInclude Include="Object\Transform.hpp">
      <Filter>Object</Filter>
    </ClInclude>
    <ClInclude Include="States\State.hpp">
      <Filter>States</Filter>
    </ClInclude>
    <ClInclude Include="States\StateManager.hpp">
      <Filter>States</Filter>
    </ClInclude>
    <ClInclude Include="States\TestLevel.hpp">
      <Filter>States</Filter>
    </ClInclude>
    <ClInclude Include="Graphics\Shader.hpp">
      <Filter>Graphics</Filter>
    </ClInclude>
    <ClInclude Include="Graphics\StockShaders.hpp">
      <Filter>Graphics</Filter>
    </ClInclude>
    <ClInclude Include="Graphics\Texture.hpp">
      <Filter>Graphics</Filter>
    </ClInclude>
    <ClInclude Include="Graphics\VertexLayoutDescription.hpp">
      <Filter>Graphics</Filter>
    </ClInclude>
    <ClInclude Include="Graphics\Vertices.hpp">
      <Filter>Graphics</Filter>
    </ClInclude>
    <ClInclude Include="Graphics\ImGui\imconfig.h">
      <Filter>Graphics\ImGui</Filter>
    </ClInclude>
    <ClInclude Include="Graphics\ImGui\imgui.h">
      <Filter>Graphics\ImGui</Filter>
    </ClInclude>
    <ClInclude Include="Graphics\ImGui\imgui_internal.h">
      <Filter>Graphics\ImGui</Filter>
    </ClInclude>
    <ClInclude Include="Graphics\ImGui\imstb_rectpack.h">
      <Filter>Graphics\ImGui</Filter>
    </ClInclude>
    <ClInclude Include="Graphics\ImGui\imstb_textedit.h">
      <Filter>Graphics\ImGui</Filter>
    </ClInclude>
    <ClInclude Include="Graphics\ImGui\imstb_truetype.h">
      <Filter>Graphics\ImGui</Filter>
    </ClInclude>
    <ClInclude Include="Graphics\ImGui\imgui_impl_opengl3.h">
      <Filter>Graphics\ImGui</Filter>
    </ClInclude>
    <ClInclude Include="Graphics\ImGui\imgui_impl_glfw.h">
      <Filter>Graphics\ImGui</Filter>
    </ClInclude>
    <ClInclude Include="Graphics\CameraManager.hpp">
      <Filter>Graphics</Filter>
    </ClInclude>
  </ItemGroup>
  <ItemGroup>
    <Filter Include="Graphics">
      <UniqueIdentifier>{6af8e593-6c39-46a3-9125-ea31e0f42db7}</UniqueIdentifier>
    </Filter>
    <Filter Include="Object">
      <UniqueIdentifier>{fb307eba-2f57-43da-8d75-22870e6fc4e9}</UniqueIdentifier>
    </Filter>
    <Filter Include="States">
      <UniqueIdentifier>{becef489-02f2-4515-86c2-201938016053}</UniqueIdentifier>
    </Filter>
    <Filter Include="Component">
      <UniqueIdentifier>{9d239c88-b28a-48b6-b1b5-2b65e7656637}</UniqueIdentifier>
    </Filter>
    <Filter Include="Graphics\ImGui">
      <UniqueIdentifier>{a7684bdb-7afc-4f97-921a-b8c9261a5ff6}</UniqueIdentifier>
    </Filter>
  </ItemGroup>
  <ItemGroup>
    <None Include="Graphics\StockShaders.inl">
      <Filter>Graphics</Filter>
    </None>
  </ItemGroup>
</Project>