<?xml version="1.0" encoding="utf-8"?>
<Project ToolsVersion="4.0" xmlns="http://schemas.microsoft.com/developer/msbuild/2003">
  <ItemGroup>
    <ClCompile Include="Component\Component.cpp">
      <Filter>Component</Filter>
    </ClCompile>
    <ClCompile Include="Component\Sprite.cpp">
      <Filter>Component</Filter>
    </ClCompile>
    <ClCompile Include="Graphics\Camera.cpp">
      <Filter>Graphics</Filter>
    </ClCompile>
    <ClCompile Include="Graphics\CameraView.cpp">
      <Filter>Graphics</Filter>
    </ClCompile>
    <ClCompile Include="Graphics\Colors.cpp">
      <Filter>Graphics</Filter>
    </ClCompile>
    <ClCompile Include="Graphics\GL.cpp">
      <Filter>Graphics</Filter>
    </ClCompile>
    <ClCompile Include="Graphics\glCheck.cpp">
      <Filter>Graphics</Filter>
    </ClCompile>
    <ClCompile Include="Graphics\Image.cpp">
      <Filter>Graphics</Filter>
    </ClCompile>
    <ClCompile Include="Graphics\Mesh.cpp">
      <Filter>Graphics</Filter>
    </ClCompile>
    <ClCompile Include="Object\Object.cpp">
      <Filter>Object</Filter>
    </ClCompile>
    <ClCompile Include="Object\ObjectManager.cpp">
      <Filter>Object</Filter>
    </ClCompile>
    <ClCompile Include="Object\Transform.cpp">
      <Filter>Object</Filter>
    </ClCompile>
    <ClCompile Include="States\StateManager.cpp">
      <Filter>States</Filter>
    </ClCompile>
    <ClCompile Include="States\TestLevel.cpp">
      <Filter>States</Filter>
    </ClCompile>
    <ClCompile Include="Graphics\Shader.cpp">
      <Filter>Graphics</Filter>
    </ClCompile>
    <ClCompile Include="Graphics\Texture.cpp">
      <Filter>Graphics</Filter>
    </ClCompile>
    <ClCompile Include="Graphics\VertexLayoutDescription.cpp">
      <Filter>Graphics</Filter>
    </ClCompile>
    <ClCompile Include="Graphics\Vertices.cpp">
      <Filter>Graphics</Filter>
    </ClCompile>
    <ClCompile Include="Graphics\ImGui\imgui.cpp">
      <Filter>Graphics\ImGui</Filter>
    </ClCompile>
    <ClCompile Include="Graphics\ImGui\imgui_demo.cpp">
      <Filter>Graphics\ImGui</Filter>
    </ClCompile>
    <ClCompile Include="Graphics\ImGui\imgui_draw.cpp">
      <Filter>Graphics\ImGui</Filter>
    </ClCompile>
    <ClCompile Include="Graphics\ImGui\imgui_widgets.cpp">
      <Filter>Graphics\ImGui</Filter>
    </ClCompile>
    <ClCompile Include="Graphics\ImGui\imgui_impl_opengl3.cpp">
      <Filter>Graphics\ImGui</Filter>
    </ClCompile>
    <ClCompile Include="Graphics\ImGui\main.cpp">
      <Filter>Graphics\ImGui</Filter>
    </ClCompile>
    <ClCompile Include="Graphics\ImGui\imgui_impl_glfw.cpp">
      <Filter>Graphics\ImGui</Filter>
    </ClCompile>
    <ClCompile Include="Graphics\CameraManager.cpp">
      <Filter>Graphics</Filter>
    </ClCompile>
    <ClCompile Include="Graphics\ImGui\MyImGui.cpp">
      <Filter>Graphics\ImGui</Filter>
    </ClCompile>
    <ClCompile Include="Sounds\SoundManager.cpp">
      <Filter>Sounds</Filter>
    </ClCompile>
    <ClCompile Include="Component\Physics.cpp">
      <Filter>Component</Filter>
    </ClCompile>
    <ClCompile Include="Component\StringSprite.cpp">
      <Filter>Component</Filter>
    </ClCompile>
    <ClCompile Include="Component\TextComponent.cpp">
      <Filter>Component</Filter>
    </ClCompile>
    <ClCompile Include="Component\Animation.cpp">
      <Filter>Component</Filter>
    </ClCompile>
    <ClCompile Include="Graphics\BitmapFont.cpp">
      <Filter>Graphics</Filter>
    </ClCompile>
    <ClCompile Include="Graphics\Parallax scrolling\Layer.cpp">
      <Filter>Graphics\Parallax Scrolling</Filter>
    </ClCompile>
    <ClCompile Include="Graphics\TextPlatform.cpp">
      <Filter>Graphics</Filter>
    </ClCompile>
    <ClCompile Include="Component\StringPhysics.cpp">
      <Filter>Component</Filter>
    </ClCompile>
    <ClCompile Include="Object\Strings\String.cpp">
      <Filter>Object\Strings</Filter>
    </ClCompile>
    <ClCompile Include="Object\Strings\StringPiece.cpp">
      <Filter>Object\Strings</Filter>
    </ClCompile>
    <ClCompile Include="Object\Strings\StringVertex.cpp">
      <Filter>Object\Strings</Filter>
    </ClCompile>
    <ClCompile Include="Component\Volatile.cpp">
      <Filter>Component</Filter>
    </ClCompile>
    <ClCompile Include="Object\InteractiveObject\TestInteractionObject.cpp">
      <Filter>Object\InteractiveObject</Filter>
    </ClCompile>
    <ClCompile Include="Object\InteractiveObject\InteractiveObject.cpp">
      <Filter>Object\InteractiveObject</Filter>
    </ClCompile>
    <ClCompile Include="States\ProtoLevel.cpp">
      <Filter>States</Filter>
    </ClCompile>
    <ClCompile Include="Window\Application.cpp">
      <Filter>Window</Filter>
    </ClCompile>
    <ClCompile Include="Window\Demo.cpp">
      <Filter>Window</Filter>
    </ClCompile>
    <ClCompile Include="Window\Engine.cpp">
      <Filter>Window</Filter>
    </ClCompile>
    <ClCompile Include="Window\PlatformWindow.cpp">
      <Filter>Window</Filter>
    </ClCompile>
    <ClCompile Include="Window\Window.cpp">
      <Filter>Window</Filter>
    </ClCompile>
    <ClCompile Include="Systems\FileIO.cpp">
      <Filter>Systems</Filter>
    </ClCompile>
    <ClCompile Include="Systems\Input.cpp">
      <Filter>Systems</Filter>
    </ClCompile>
    <ClCompile Include="Systems\Observer.cpp">
      <Filter>Systems</Filter>
    </ClCompile>
    <ClCompile Include="Object\Player.cpp">
      <Filter>Object</Filter>
    </ClCompile>
    <ClCompile Include="States\BasicMovementLevel.cpp">
      <Filter>States</Filter>
    </ClCompile>
    <ClCompile Include="States\OneWayPassLevel.cpp">
      <Filter>States</Filter>
    </ClCompile>
    <ClCompile Include="States\SizeScalingLevel.cpp">
      <Filter>States</Filter>
    </ClCompile>
    <ClCompile Include="States\State.cpp">
      <Filter>States</Filter>
    </ClCompile>
    <ClCompile Include="Object\HUD\LevelChangeButton.cpp">
      <Filter>Object\HUD</Filter>
    </ClCompile>
  </ItemGroup>
  <ItemGroup>
    <ClInclude Include="Component\Component.hpp">
      <Filter>Component</Filter>
    </ClInclude>
    <ClInclude Include="Component\Sprite.hpp">
      <Filter>Component</Filter>
    </ClInclude>
    <ClInclude Include="Graphics\Camera.hpp">
      <Filter>Graphics</Filter>
    </ClInclude>
    <ClInclude Include="Graphics\CameraView.hpp">
      <Filter>Graphics</Filter>
    </ClInclude>
    <ClInclude Include="Graphics\Color4f.hpp">
      <Filter>Graphics</Filter>
    </ClInclude>
    <ClInclude Include="Graphics\Color4ub.hpp">
      <Filter>Graphics</Filter>
    </ClInclude>
    <ClInclude Include="Graphics\GL.hpp">
      <Filter>Graphics</Filter>
    </ClInclude>
    <ClInclude Include="Graphics\glCheck.hpp">
      <Filter>Graphics</Filter>
    </ClInclude>
    <ClInclude Include="Graphics\Image.hpp">
      <Filter>Graphics</Filter>
    </ClInclude>
    <ClInclude Include="Graphics\Material.hpp">
      <Filter>Graphics</Filter>
    </ClInclude>
    <ClInclude Include="Graphics\Mesh.hpp">
      <Filter>Graphics</Filter>
    </ClInclude>
    <ClInclude Include="Object\Object.hpp">
      <Filter>Object</Filter>
    </ClInclude>
    <ClInclude Include="Object\ObjectManager.hpp">
      <Filter>Object</Filter>
    </ClInclude>
    <ClInclude Include="Object\Transform.hpp">
      <Filter>Object</Filter>
    </ClInclude>
    <ClInclude Include="States\State.hpp">
      <Filter>States</Filter>
    </ClInclude>
    <ClInclude Include="States\StateManager.hpp">
      <Filter>States</Filter>
    </ClInclude>
    <ClInclude Include="States\TestLevel.hpp">
      <Filter>States</Filter>
    </ClInclude>
    <ClInclude Include="Graphics\Shader.hpp">
      <Filter>Graphics</Filter>
    </ClInclude>
    <ClInclude Include="Graphics\StockShaders.hpp">
      <Filter>Graphics</Filter>
    </ClInclude>
    <ClInclude Include="Graphics\Texture.hpp">
      <Filter>Graphics</Filter>
    </ClInclude>
    <ClInclude Include="Graphics\VertexLayoutDescription.hpp">
      <Filter>Graphics</Filter>
    </ClInclude>
    <ClInclude Include="Graphics\Vertices.hpp">
      <Filter>Graphics</Filter>
    </ClInclude>
    <ClInclude Include="Graphics\ImGui\imconfig.h">
      <Filter>Graphics\ImGui</Filter>
    </ClInclude>
    <ClInclude Include="Graphics\ImGui\imgui.h">
      <Filter>Graphics\ImGui</Filter>
    </ClInclude>
    <ClInclude Include="Graphics\ImGui\imgui_internal.h">
      <Filter>Graphics\ImGui</Filter>
    </ClInclude>
    <ClInclude Include="Graphics\ImGui\imstb_rectpack.h">
      <Filter>Graphics\ImGui</Filter>
    </ClInclude>
    <ClInclude Include="Graphics\ImGui\imstb_textedit.h">
      <Filter>Graphics\ImGui</Filter>
    </ClInclude>
    <ClInclude Include="Graphics\ImGui\imstb_truetype.h">
      <Filter>Graphics\ImGui</Filter>
    </ClInclude>
    <ClInclude Include="Graphics\ImGui\imgui_impl_opengl3.h">
      <Filter>Graphics\ImGui</Filter>
    </ClInclude>
    <ClInclude Include="Graphics\ImGui\imgui_impl_glfw.h">
      <Filter>Graphics\ImGui</Filter>
    </ClInclude>
    <ClInclude Include="Graphics\CameraManager.hpp">
      <Filter>Graphics</Filter>
    </ClInclude>
    <ClInclude Include="Graphics\ImGui\MyImGui.hpp">
      <Filter>Graphics\ImGui</Filter>
    </ClInclude>
    <ClInclude Include="Sounds\SoundManager.hpp">
      <Filter>Sounds</Filter>
    </ClInclude>
    <ClInclude Include="Component\Physics.hpp">
      <Filter>Component</Filter>
    </ClInclude>
    <ClInclude Include="Component\StringSprite.hpp">
      <Filter>Component</Filter>
    </ClInclude>
    <ClInclude Include="Component\TextComponent.hpp">
      <Filter>Component</Filter>
    </ClInclude>
    <ClInclude Include="Component\Animation.hpp">
      <Filter>Component</Filter>
    </ClInclude>
    <ClInclude Include="Graphics\BitmapFont.hpp">
      <Filter>Graphics</Filter>
    </ClInclude>
    <ClInclude Include="Graphics\Parallax scrolling\Layer.hpp">
      <Filter>Graphics\Parallax Scrolling</Filter>
    </ClInclude>
    <ClInclude Include="Graphics\TextPlatform.hpp">
      <Filter>Graphics</Filter>
    </ClInclude>
    <ClInclude Include="Graphics\StockBitmapFonts.hpp">
      <Filter>Graphics</Filter>
    </ClInclude>
    <ClInclude Include="Component\StringPhysics.hpp">
      <Filter>Component</Filter>
    </ClInclude>
    <ClInclude Include="Object\Strings\String.hpp">
      <Filter>Object\Strings</Filter>
    </ClInclude>
    <ClInclude Include="Object\Strings\StringPiece.hpp">
      <Filter>Object\Strings</Filter>
    </ClInclude>
    <ClInclude Include="Object\Strings\StringVertex.hpp">
      <Filter>Object\Strings</Filter>
    </ClInclude>
    <ClInclude Include="Component\Volatile.hpp">
      <Filter>Component</Filter>
    </ClInclude>
    <ClInclude Include="Object\InteractiveObject\InteractiveObject.hpp">
      <Filter>Object\InteractiveObject</Filter>
    </ClInclude>
    <ClInclude Include="Object\InteractiveObject\TestInteractionObject.hpp">
      <Filter>Object\InteractiveObject</Filter>
    </ClInclude>
    <ClInclude Include="Timer.hpp">
      <Filter>Timer</Filter>
    </ClInclude>
    <ClInclude Include="States\ProtoLevel.hpp">
      <Filter>States</Filter>
    </ClInclude>
    <ClInclude Include="Window\Application.hpp">
      <Filter>Window</Filter>
    </ClInclude>
    <ClInclude Include="Window\Demo.hpp">
      <Filter>Window</Filter>
    </ClInclude>
    <ClInclude Include="Window\Engine.hpp">
      <Filter>Window</Filter>
    </ClInclude>
    <ClInclude Include="Window\PlatformWindow.hpp">
      <Filter>Window</Filter>
    </ClInclude>
    <ClInclude Include="Window\Window.hpp">
      <Filter>Window</Filter>
    </ClInclude>
    <ClInclude Include="Systems\FileIO.hpp">
      <Filter>Systems</Filter>
    </ClInclude>
    <ClInclude Include="Systems\Input.hpp">
      <Filter>Systems</Filter>
    </ClInclude>
    <ClInclude Include="Systems\Observer.hpp">
      <Filter>Systems</Filter>
    </ClInclude>
    <ClInclude Include="Systems\Timer.hpp">
      <Filter>Systems</Filter>
    </ClInclude>
    <ClInclude Include="Object\Player.h">
      <Filter>Object</Filter>
    </ClInclude>
    <ClInclude Include="States\BasicMovementLevel.hpp">
      <Filter>States</Filter>
    </ClInclude>
    <ClInclude Include="States\OneWayPassLevel.hpp">
      <Filter>States</Filter>
    </ClInclude>
    <ClInclude Include="States\SizeScalingLevel.hpp">
      <Filter>States</Filter>
    </ClInclude>
    <ClInclude Include="Object\HUD\LevelChangeButton.hpp">
      <Filter>Object\HUD</Filter>
    </ClInclude>
  </ItemGroup>
  <ItemGroup>
    <Filter Include="Graphics">
      <UniqueIdentifier>{6af8e593-6c39-46a3-9125-ea31e0f42db7}</UniqueIdentifier>
    </Filter>
    <Filter Include="Object">
      <UniqueIdentifier>{fb307eba-2f57-43da-8d75-22870e6fc4e9}</UniqueIdentifier>
    </Filter>
    <Filter Include="States">
      <UniqueIdentifier>{becef489-02f2-4515-86c2-201938016053}</UniqueIdentifier>
    </Filter>
    <Filter Include="Component">
      <UniqueIdentifier>{9d239c88-b28a-48b6-b1b5-2b65e7656637}</UniqueIdentifier>
    </Filter>
    <Filter Include="Graphics\ImGui">
      <UniqueIdentifier>{a7684bdb-7afc-4f97-921a-b8c9261a5ff6}</UniqueIdentifier>
    </Filter>
    <Filter Include="Sounds">
      <UniqueIdentifier>{6b7e432b-27a8-4a06-88b8-ee201562c7c9}</UniqueIdentifier>
    </Filter>
    <Filter Include="Graphics\Parallax Scrolling">
      <UniqueIdentifier>{b5633d40-2cff-4889-9a49-4c9c529490cc}</UniqueIdentifier>
    </Filter>
    <Filter Include="Object\Strings">
      <UniqueIdentifier>{3936bad3-08ed-43be-bc89-2c6344daaeb5}</UniqueIdentifier>
    </Filter>
    <Filter Include="Object\InteractiveObject">
      <UniqueIdentifier>{bb207cb7-93ee-4df0-a8f0-7b1f7c449a02}</UniqueIdentifier>
    </Filter>
    <Filter Include="Window">
      <UniqueIdentifier>{7a388916-1738-4bd7-85c6-725586ea2e75}</UniqueIdentifier>
    </Filter>
    <Filter Include="Timer">
      <UniqueIdentifier>{74847f09-b038-45f7-b7cf-b449a9d947a1}</UniqueIdentifier>
    </Filter>
    <Filter Include="Systems">
      <UniqueIdentifier>{41210f07-5800-43f1-8a05-6677ec51e3bc}</UniqueIdentifier>
    </Filter>
    <Filter Include="Object\HUD">
      <UniqueIdentifier>{ac9987e2-7f86-4a47-9852-03bf48e0fcdc}</UniqueIdentifier>
    </Filter>
  </ItemGroup>
  <ItemGroup>
    <None Include="Graphics\StockShaders.inl">
      <Filter>Graphics</Filter>
    </None>
    <None Include="Graphics\StockBitmapFonts.inl">
      <Filter>Graphics</Filter>
    </None>
  </ItemGroup>
</Project>